// !$*UTF8*$!
{
	archiveVersion = 1;
	classes = {
	};
	objectVersion = 50;
	objects = {

/* Begin PBXBuildFile section */
		EFFBA6A926420DCC00AEF481 /* AppDelegate.swift in Sources */ = {isa = PBXBuildFile; fileRef = EFFBA6A826420DCC00AEF481 /* AppDelegate.swift */; };
		EFFBA6AB26420DCC00AEF481 /* SceneDelegate.swift in Sources */ = {isa = PBXBuildFile; fileRef = EFFBA6AA26420DCC00AEF481 /* SceneDelegate.swift */; };
		EFFBA6AD26420DCC00AEF481 /* ViewController.swift in Sources */ = {isa = PBXBuildFile; fileRef = EFFBA6AC26420DCC00AEF481 /* ViewController.swift */; };
		EFFBA6B026420DCC00AEF481 /* Main.storyboard in Resources */ = {isa = PBXBuildFile; fileRef = EFFBA6AE26420DCC00AEF481 /* Main.storyboard */; };
		EFFBA6B226420DCE00AEF481 /* Assets.xcassets in Resources */ = {isa = PBXBuildFile; fileRef = EFFBA6B126420DCE00AEF481 /* Assets.xcassets */; };
		EFFBA6B526420DCE00AEF481 /* LaunchScreen.storyboard in Resources */ = {isa = PBXBuildFile; fileRef = EFFBA6B326420DCE00AEF481 /* LaunchScreen.storyboard */; };
/* End PBXBuildFile section */

/* Begin PBXFileReference section */
		EFFBA6A526420DCC00AEF481 /* Assignment3-UINavigationController.app */ = {isa = PBXFileReference; explicitFileType = wrapper.application; includeInIndex = 0; path = "Assignment3-UINavigationController.app"; sourceTree = BUILT_PRODUCTS_DIR; };
		EFFBA6A826420DCC00AEF481 /* AppDelegate.swift */ = {isa = PBXFileReference; lastKnownFileType = sourcecode.swift; path = AppDelegate.swift; sourceTree = "<group>"; };
		EFFBA6AA26420DCC00AEF481 /* SceneDelegate.swift */ = {isa = PBXFileReference; lastKnownFileType = sourcecode.swift; path = SceneDelegate.swift; sourceTree = "<group>"; };
		EFFBA6AC26420DCC00AEF481 /* ViewController.swift */ = {isa = PBXFileReference; lastKnownFileType = sourcecode.swift; path = ViewController.swift; sourceTree = "<group>"; };
		EFFBA6AF26420DCC00AEF481 /* Base */ = {isa = PBXFileReference; lastKnownFileType = file.storyboard; name = Base; path = Base.lproj/Main.storyboard; sourceTree = "<group>"; };
		EFFBA6B126420DCE00AEF481 /* Assets.xcassets */ = {isa = PBXFileReference; lastKnownFileType = folder.assetcatalog; path = Assets.xcassets; sourceTree = "<group>"; };
		EFFBA6B426420DCE00AEF481 /* Base */ = {isa = PBXFileReference; lastKnownFileType = file.storyboard; name = Base; path = Base.lproj/LaunchScreen.storyboard; sourceTree = "<group>"; };
		EFFBA6B626420DCE00AEF481 /* Info.plist */ = {isa = PBXFileReference; lastKnownFileType = text.plist.xml; path = Info.plist; sourceTree = "<group>"; };
/* End PBXFileReference section */

/* Begin PBXFrameworksBuildPhase section */
		EFFBA6A226420DCC00AEF481 /* Frameworks */ = {
			isa = PBXFrameworksBuildPhase;
			buildActionMask = 2147483647;
			files = (
			);
			runOnlyForDeploymentPostprocessing = 0;
		};
/* End PBXFrameworksBuildPhase section */

/* Begin PBXGroup section */
		EFFBA69C26420DCC00AEF481 = {
			isa = PBXGroup;
			children = (
				EFFBA6A726420DCC00AEF481 /* Assignment3-UINavigationController */,
				EFFBA6A626420DCC00AEF481 /* Products */,
			);
			sourceTree = "<group>";
		};
		EFFBA6A626420DCC00AEF481 /* Products */ = {
			isa = PBXGroup;
			children = (
				EFFBA6A526420DCC00AEF481 /* Assignment3-UINavigationController.app */,
			);
			name = Products;
			sourceTree = "<group>";
		};
		EFFBA6A726420DCC00AEF481 /* Assignment3-UINavigationController */ = {
			isa = PBXGroup;
			children = (
				EFFBA6A826420DCC00AEF481 /* AppDelegate.swift */,
				EFFBA6AA26420DCC00AEF481 /* SceneDelegate.swift */,
				EFFBA6AC26420DCC00AEF481 /* ViewController.swift */,
				EFFBA6AE26420DCC00AEF481 /* Main.storyboard */,
				EFFBA6B126420DCE00AEF481 /* Assets.xcassets */,
				EFFBA6B326420DCE00AEF481 /* LaunchScreen.storyboard */,
				EFFBA6B626420DCE00AEF481 /* Info.plist */,
			);
			path = "Assignment3-UINavigationController";
			sourceTree = "<group>";
		};
/* End PBXGroup section */

/* Begin PBXNativeTarget section */
		EFFBA6A426420DCC00AEF481 /* Assignment3-UINavigationController */ = {
			isa = PBXNativeTarget;
			buildConfigurationList = EFFBA6B926420DCE00AEF481 /* Build configuration list for PBXNativeTarget "Assignment3-UINavigationController" */;
			buildPhases = (
				EFFBA6A126420DCC00AEF481 /* Sources */,
				EFFBA6A226420DCC00AEF481 /* Frameworks */,
				EFFBA6A326420DCC00AEF481 /* Resources */,
			);
			buildRules = (
			);
			dependencies = (
			);
			name = "Assignment3-UINavigationController";
			productName = "Assignment3-UINavigationController";
			productReference = EFFBA6A526420DCC00AEF481 /* Assignment3-UINavigationController.app */;
			productType = "com.apple.product-type.application";
		};
/* End PBXNativeTarget section */

/* Begin PBXProject section */
		EFFBA69D26420DCC00AEF481 /* Project object */ = {
			isa = PBXProject;
			attributes = {
				LastSwiftUpdateCheck = 1250;
				LastUpgradeCheck = 1250;
				TargetAttributes = {
					EFFBA6A426420DCC00AEF481 = {
						CreatedOnToolsVersion = 12.5;
					};
				};
			};
			buildConfigurationList = EFFBA6A026420DCC00AEF481 /* Build configuration list for PBXProject "Assignment3-UINavigationController" */;
			compatibilityVersion = "Xcode 9.3";
			developmentRegion = en;
			hasScannedForEncodings = 0;
			knownRegions = (
				en,
				Base,
			);
			mainGroup = EFFBA69C26420DCC00AEF481;
			productRefGroup = EFFBA6A626420DCC00AEF481 /* Products */;
			projectDirPath = "";
			projectRoot = "";
			targets = (
				EFFBA6A426420DCC00AEF481 /* Assignment3-UINavigationController */,
			);
		};
/* End PBXProject section */

/* Begin PBXResourcesBuildPhase section */
		EFFBA6A326420DCC00AEF481 /* Resources */ = {
			isa = PBXResourcesBuildPhase;
			buildActionMask = 2147483647;
			files = (
				EFFBA6B526420DCE00AEF481 /* LaunchScreen.storyboard in Resources */,
				EFFBA6B226420DCE00AEF481 /* Assets.xcassets in Resources */,
				EFFBA6B026420DCC00AEF481 /* Main.storyboard in Resources */,
			);
			runOnlyForDeploymentPostprocessing = 0;
		};
/* End PBXResourcesBuildPhase section */

/* Begin PBXSourcesBuildPhase section */
		EFFBA6A126420DCC00AEF481 /* Sources */ = {
			isa = PBXSourcesBuildPhase;
			buildActionMask = 2147483647;
			files = (
				EFFBA6AD26420DCC00AEF481 /* ViewController.swift in Sources */,
				EFFBA6A926420DCC00AEF481 /* AppDelegate.swift in Sources */,
				EFFBA6AB26420DCC00AEF481 /* SceneDelegate.swift in Sources */,
			);
			runOnlyForDeploymentPostprocessing = 0;
		};
/* End PBXSourcesBuildPhase section */

/* Begin PBXVariantGroup section */
		EFFBA6AE26420DCC00AEF481 /* Main.storyboard */ = {
			isa = PBXVariantGroup;
			children = (
				EFFBA6AF26420DCC00AEF481 /* Base */,
			);
			name = Main.storyboard;
			sourceTree = "<group>";
		};
		EFFBA6B326420DCE00AEF481 /* LaunchScreen.storyboard */ = {
			isa = PBXVariantGroup;
			children = (
				EFFBA6B426420DCE00AEF481 /* Base */,
			);
			name = LaunchScreen.storyboard;
			sourceTree = "<group>";
		};
/* End PBXVariantGroup section */

/* Begin XCBuildConfiguration section */
		EFFBA6B726420DCE00AEF481 /* Debug */ = {
			isa = XCBuildConfiguration;
			buildSettings = {
				ALWAYS_SEARCH_USER_PATHS = NO;
				CLANG_ANALYZER_NONNULL = YES;
				CLANG_ANALYZER_NUMBER_OBJECT_CONVERSION = YES_AGGRESSIVE;
				CLANG_CXX_LANGUAGE_STANDARD = "gnu++14";
				CLANG_CXX_LIBRARY = "libc++";
				CLANG_ENABLE_MODULES = YES;
				CLANG_ENABLE_OBJC_ARC = YES;
				CLANG_ENABLE_OBJC_WEAK = YES;
				CLANG_WARN_BLOCK_CAPTURE_AUTORELEASING = YES;
				CLANG_WARN_BOOL_CONVERSION = YES;
				CLANG_WARN_COMMA = YES;
				CLANG_WARN_CONSTANT_CONVERSION = YES;
				CLANG_WARN_DEPRECATED_OBJC_IMPLEMENTATIONS = YES;
				CLANG_WARN_DIRECT_OBJC_ISA_USAGE = YES_ERROR;
				CLANG_WARN_DOCUMENTATION_COMMENTS = YES;
				CLANG_WARN_EMPTY_BODY = YES;
				CLANG_WARN_ENUM_CONVERSION = YES;
				CLANG_WARN_INFINITE_RECURSION = YES;
				CLANG_WARN_INT_CONVERSION = YES;
				CLANG_WARN_NON_LITERAL_NULL_CONVERSION = YES;
				CLANG_WARN_OBJC_IMPLICIT_RETAIN_SELF = YES;
				CLANG_WARN_OBJC_LITERAL_CONVERSION = YES;
				CLANG_WARN_OBJC_ROOT_CLASS = YES_ERROR;
				CLANG_WARN_QUOTED_INCLUDE_IN_FRAMEWORK_HEADER = YES;
				CLANG_WARN_RANGE_LOOP_ANALYSIS = YES;
				CLANG_WARN_STRICT_PROTOTYPES = YES;
				CLANG_WARN_SUSPICIOUS_MOVE = YES;
				CLANG_WARN_UNGUARDED_AVAILABILITY = YES_AGGRESSIVE;
				CLANG_WARN_UNREACHABLE_CODE = YES;
				CLANG_WARN__DUPLICATE_METHOD_MATCH = YES;
				COPY_PHASE_STRIP = NO;
				DEBUG_INFORMATION_FORMAT = dwarf;
				ENABLE_STRICT_OBJC_MSGSEND = YES;
				ENABLE_TESTABILITY = YES;
				GCC_C_LANGUAGE_STANDARD = gnu11;
				GCC_DYNAMIC_NO_PIC = NO;
				GCC_NO_COMMON_BLOCKS = YES;
				GCC_OPTIMIZATION_LEVEL = 0;
				GCC_PREPROCESSOR_DEFINITIONS = (
					"DEBUG=1",
					"$(inherited)",
				);
				GCC_WARN_64_TO_32_BIT_CONVERSION = YES;
				GCC_WARN_ABOUT_RETURN_TYPE = YES_ERROR;
				GCC_WARN_UNDECLARED_SELECTOR = YES;
				GCC_WARN_UNINITIALIZED_AUTOS = YES_AGGRESSIVE;
				GCC_WARN_UNUSED_FUNCTION = YES;
				GCC_WARN_UNUSED_VARIABLE = YES;
				IPHONEOS_DEPLOYMENT_TARGET = 14.5;
				MTL_ENABLE_DEBUG_INFO = INCLUDE_SOURCE;
				MTL_FAST_MATH = YES;
				ONLY_ACTIVE_ARCH = YES;
				SDKROOT = iphoneos;
				SWIFT_ACTIVE_COMPILATION_CONDITIONS = DEBUG;
				SWIFT_OPTIMIZATION_LEVEL = "-Onone";
			};
			name = Debug;
		};
		EFFBA6B826420DCE00AEF481 /* Release */ = {
			isa = XCBuildConfiguration;
			buildSettings = {
				ALWAYS_SEARCH_USER_PATHS = NO;
				CLANG_ANALYZER_NONNULL = YES;
				CLANG_ANALYZER_NUMBER_OBJECT_CONVERSION = YES_AGGRESSIVE;
				CLANG_CXX_LANGUAGE_STANDARD = "gnu++14";
				CLANG_CXX_LIBRARY = "libc++";
				CLANG_ENABLE_MODULES = YES;
				CLANG_ENABLE_OBJC_ARC = YES;
				CLANG_ENABLE_OBJC_WEAK = YES;
				CLANG_WARN_BLOCK_CAPTURE_AUTORELEASING = YES;
				CLANG_WARN_BOOL_CONVERSION = YES;
				CLANG_WARN_COMMA = YES;
				CLANG_WARN_CONSTANT_CONVERSION = YES;
				CLANG_WARN_DEPRECATED_OBJC_IMPLEMENTATIONS = YES;
				CLANG_WARN_DIRECT_OBJC_ISA_USAGE = YES_ERROR;
				CLANG_WARN_DOCUMENTATION_COMMENTS = YES;
				CLANG_WARN_EMPTY_BODY = YES;
				CLANG_WARN_ENUM_CONVERSION = YES;
				CLANG_WARN_INFINITE_RECURSION = YES;
				CLANG_WARN_INT_CONVERSION = YES;
				CLANG_WARN_NON_LITERAL_NULL_CONVERSION = YES;
				CLANG_WARN_OBJC_IMPLICIT_RETAIN_SELF = YES;
				CLANG_WARN_OBJC_LITERAL_CONVERSION = YES;
				CLANG_WARN_OBJC_ROOT_CLASS = YES_ERROR;
				CLANG_WARN_QUOTED_INCLUDE_IN_FRAMEWORK_HEADER = YES;
				CLANG_WARN_RANGE_LOOP_ANALYSIS = YES;
				CLANG_WARN_STRICT_PROTOTYPES = YES;
				CLANG_WARN_SUSPICIOUS_MOVE = YES;
				CLANG_WARN_UNGUARDED_AVAILABILITY = YES_AGGRESSIVE;
				CLANG_WARN_UNREACHABLE_CODE = YES;
				CLANG_WARN__DUPLICATE_METHOD_MATCH = YES;
				COPY_PHASE_STRIP = NO;
				DEBUG_INFORMATION_FORMAT = "dwarf-with-dsym";
				ENABLE_NS_ASSERTIONS = NO;
				ENABLE_STRICT_OBJC_MSGSEND = YES;
				GCC_C_LANGUAGE_STANDARD = gnu11;
				GCC_NO_COMMON_BLOCKS = YES;
				GCC_WARN_64_TO_32_BIT_CONVERSION = YES;
				GCC_WARN_ABOUT_RETURN_TYPE = YES_ERROR;
				GCC_WARN_UNDECLARED_SELECTOR = YES;
				GCC_WARN_UNINITIALIZED_AUTOS = YES_AGGRESSIVE;
				GCC_WARN_UNUSED_FUNCTION = YES;
				GCC_WARN_UNUSED_VARIABLE = YES;
				IPHONEOS_DEPLOYMENT_TARGET = 14.5;
				MTL_ENABLE_DEBUG_INFO = NO;
				MTL_FAST_MATH = YES;
				SDKROOT = iphoneos;
				SWIFT_COMPILATION_MODE = wholemodule;
				SWIFT_OPTIMIZATION_LEVEL = "-O";
				VALIDATE_PRODUCT = YES;
			};
			name = Release;
		};
		EFFBA6BA26420DCE00AEF481 /* Debug */ = {
			isa = XCBuildConfiguration;
			buildSettings = {
				ASSETCATALOG_COMPILER_APPICON_NAME = AppIcon;
				ASSETCATALOG_COMPILER_GLOBAL_ACCENT_COLOR_NAME = AccentColor;
				CODE_SIGN_STYLE = Automatic;
				DEVELOPMENT_TEAM = 3YU877859X;
				INFOPLIST_FILE = "Assignment3-UINavigationController/Info.plist";
				LD_RUNPATH_SEARCH_PATHS = (
					"$(inherited)",
					"@executable_path/Frameworks",
				);
				PRODUCT_BUNDLE_IDENTIFIER = "com.erikdesk.Assignment3-UINavigationController";
				PRODUCT_NAME = "$(TARGET_NAME)";
				SWIFT_VERSION = 5.0;
				TARGETED_DEVICE_FAMILY = "1,2";
			};
			name = Debug;
		};
		EFFBA6BB26420DCE00AEF481 /* Release */ = {
			isa = XCBuildConfiguration;
			buildSettings = {
				ASSETCATALOG_COMPILER_APPICON_NAME = AppIcon;
				ASSETCATALOG_COMPILER_GLOBAL_ACCENT_COLOR_NAME = AccentColor;
				CODE_SIGN_STYLE = Automatic;
				DEVELOPMENT_TEAM = 3YU877859X;
				INFOPLIST_FILE = "Assignment3-UINavigationController/Info.plist";
				LD_RUNPATH_SEARCH_PATHS = (
					"$(inherited)",
					"@executable_path/Frameworks",
				);
				PRODUCT_BUNDLE_IDENTIFIER = "com.erikdesk.Assignment3-UINavigationController";
				PRODUCT_NAME = "$(TARGET_NAME)";
				SWIFT_VERSION = 5.0;
				TARGETED_DEVICE_FAMILY = "1,2";
			};
			name = Release;
		};
/* End XCBuildConfiguration section */

/* Begin XCConfigurationList section */
		EFFBA6A026420DCC00AEF481 /* Build configuration list for PBXProject "Assignment3-UINavigationController" */ = {
			isa = XCConfigurationList;
			buildConfigurations = (
				EFFBA6B726420DCE00AEF481 /* Debug */,
				EFFBA6B826420DCE00AEF481 /* Release */,
			);
			defaultConfigurationIsVisible = 0;
			defaultConfigurationName = Release;
		};
		EFFBA6B926420DCE00AEF481 /* Build configuration list for PBXNativeTarget "Assignment3-UINavigationController" */ = {
			isa = XCConfigurationList;
			buildConfigurations = (
				EFFBA6BA26420DCE00AEF481 /* Debug */,
				EFFBA6BB26420DCE00AEF481 /* Release */,
			);
			defaultConfigurationIsVisible = 0;
			defaultConfigurationName = Release;
		};
/* End XCConfigurationList section */
	};
	rootObject = EFFBA69D26420DCC00AEF481 /* Project object */;
}
